
Microsoft Visual Studio Solution File, Format Version 12.00
# Visual Studio Version 16
VisualStudioVersion = 16.0.30717.126
MinimumVisualStudioVersion = 10.0.40219.1
Project("{9A19103F-16F7-4668-BE54-9A1E7A4F7556}") = "eKorpa", "eKorpa\eKorpa.csproj", "{5DE0EE1B-3FC4-44A5-9C2C-AEAA0DD22629}"
EndProject
Project("{FAE04EC0-301F-11D3-BF4B-00C04F79EFBC}") = "DodajKategorija", "DodajKategorija\DodajKategorija.csproj", "{4A6A7BA7-30B3-4FC9-979F-BD9A0FB8BBD1}"
EndProject
Global
	GlobalSection(SolutionConfigurationPlatforms) = preSolution
		Debug|Any CPU = Debug|Any CPU
		Release|Any CPU = Release|Any CPU
	EndGlobalSection
	GlobalSection(ProjectConfigurationPlatforms) = postSolution
		{5DE0EE1B-3FC4-44A5-9C2C-AEAA0DD22629}.Debug|Any CPU.ActiveCfg = Debug|Any CPU
		{5DE0EE1B-3FC4-44A5-9C2C-AEAA0DD22629}.Debug|Any CPU.Build.0 = Debug|Any CPU
		{5DE0EE1B-3FC4-44A5-9C2C-AEAA0DD22629}.Release|Any CPU.ActiveCfg = Release|Any CPU
		{5DE0EE1B-3FC4-44A5-9C2C-AEAA0DD22629}.Release|Any CPU.Build.0 = Release|Any CPU
		{4A6A7BA7-30B3-4FC9-979F-BD9A0FB8BBD1}.Debug|Any CPU.ActiveCfg = Debug|Any CPU
		{4A6A7BA7-30B3-4FC9-979F-BD9A0FB8BBD1}.Debug|Any CPU.Build.0 = Debug|Any CPU
		{4A6A7BA7-30B3-4FC9-979F-BD9A0FB8BBD1}.Release|Any CPU.ActiveCfg = Release|Any CPU
		{4A6A7BA7-30B3-4FC9-979F-BD9A0FB8BBD1}.Release|Any CPU.Build.0 = Release|Any CPU
	EndGlobalSection
	GlobalSection(SolutionProperties) = preSolution
		HideSolutionNode = FALSE
	EndGlobalSection
	GlobalSection(ExtensibilityGlobals) = postSolution
		SolutionGuid = {805986E4-CCDE-44D2-9D48-1B170A1D2B9C}
	EndGlobalSection
EndGlobal
